// !$*UTF8*$!
{
	archiveVersion = 1;
	classes = {
	};
	objectVersion = 50;
	objects = {

/* Begin PBXBuildFile section */
		E83EBBBA264C661F00D85B5D /* AppDelegate.swift in Sources */ = {isa = PBXBuildFile; fileRef = E83EBBB9264C661F00D85B5D /* AppDelegate.swift */; };
		E83EBBBC264C661F00D85B5D /* SceneDelegate.swift in Sources */ = {isa = PBXBuildFile; fileRef = E83EBBBB264C661F00D85B5D /* SceneDelegate.swift */; };
		E83EBBBE264C661F00D85B5D /* ViewController.swift in Sources */ = {isa = PBXBuildFile; fileRef = E83EBBBD264C661F00D85B5D /* ViewController.swift */; };
		E83EBBC1264C661F00D85B5D /* Main.storyboard in Resources */ = {isa = PBXBuildFile; fileRef = E83EBBBF264C661F00D85B5D /* Main.storyboard */; };
		E83EBBC4264C661F00D85B5D /* ColeccionDeJuegosCancino.xcdatamodeld in Sources */ = {isa = PBXBuildFile; fileRef = E83EBBC2264C661F00D85B5D /* ColeccionDeJuegosCancino.xcdatamodeld */; };
		E83EBBC6264C662000D85B5D /* Assets.xcassets in Resources */ = {isa = PBXBuildFile; fileRef = E83EBBC5264C662000D85B5D /* Assets.xcassets */; };
		E83EBBC9264C662000D85B5D /* LaunchScreen.storyboard in Resources */ = {isa = PBXBuildFile; fileRef = E83EBBC7264C662000D85B5D /* LaunchScreen.storyboard */; };
/* End PBXBuildFile section */

/* Begin PBXFileReference section */
		E83EBBB6264C661F00D85B5D /* ColeccionDeJuegosCancino.app */ = {isa = PBXFileReference; explicitFileType = wrapper.application; includeInIndex = 0; path = ColeccionDeJuegosCancino.app; sourceTree = BUILT_PRODUCTS_DIR; };
		E83EBBB9264C661F00D85B5D /* AppDelegate.swift */ = {isa = PBXFileReference; lastKnownFileType = sourcecode.swift; path = AppDelegate.swift; sourceTree = "<group>"; };
		E83EBBBB264C661F00D85B5D /* SceneDelegate.swift */ = {isa = PBXFileReference; lastKnownFileType = sourcecode.swift; path = SceneDelegate.swift; sourceTree = "<group>"; };
		E83EBBBD264C661F00D85B5D /* ViewController.swift */ = {isa = PBXFileReference; lastKnownFileType = sourcecode.swift; path = ViewController.swift; sourceTree = "<group>"; };
		E83EBBC0264C661F00D85B5D /* Base */ = {isa = PBXFileReference; lastKnownFileType = file.storyboard; name = Base; path = Base.lproj/Main.storyboard; sourceTree = "<group>"; };
		E83EBBC3264C661F00D85B5D /* ColeccionDeJuegosCancino.xcdatamodel */ = {isa = PBXFileReference; lastKnownFileType = wrapper.xcdatamodel; path = ColeccionDeJuegosCancino.xcdatamodel; sourceTree = "<group>"; };
		E83EBBC5264C662000D85B5D /* Assets.xcassets */ = {isa = PBXFileReference; lastKnownFileType = folder.assetcatalog; path = Assets.xcassets; sourceTree = "<group>"; };
		E83EBBC8264C662000D85B5D /* Base */ = {isa = PBXFileReference; lastKnownFileType = file.storyboard; name = Base; path = Base.lproj/LaunchScreen.storyboard; sourceTree = "<group>"; };
		E83EBBCA264C662000D85B5D /* Info.plist */ = {isa = PBXFileReference; lastKnownFileType = text.plist.xml; path = Info.plist; sourceTree = "<group>"; };
/* End PBXFileReference section */

/* Begin PBXFrameworksBuildPhase section */
		E83EBBB3264C661F00D85B5D /* Frameworks */ = {
			isa = PBXFrameworksBuildPhase;
			buildActionMask = 2147483647;
			files = (
			);
			runOnlyForDeploymentPostprocessing = 0;
		};
/* End PBXFrameworksBuildPhase section */

/* Begin PBXGroup section */
		E83EBBAD264C661F00D85B5D = {
			isa = PBXGroup;
			children = (
				E83EBBB8264C661F00D85B5D /* ColeccionDeJuegosCancino */,
				E83EBBB7264C661F00D85B5D /* Products */,
			);
			sourceTree = "<group>";
		};
		E83EBBB7264C661F00D85B5D /* Products */ = {
			isa = PBXGroup;
			children = (
				E83EBBB6264C661F00D85B5D /* ColeccionDeJuegosCancino.app */,
			);
			name = Products;
			sourceTree = "<group>";
		};
		E83EBBB8264C661F00D85B5D /* ColeccionDeJuegosCancino */ = {
			isa = PBXGroup;
			children = (
				E83EBBB9264C661F00D85B5D /* AppDelegate.swift */,
				E83EBBBB264C661F00D85B5D /* SceneDelegate.swift */,
				E83EBBBD264C661F00D85B5D /* ViewController.swift */,
				E83EBBBF264C661F00D85B5D /* Main.storyboard */,
				E83EBBC5264C662000D85B5D /* Assets.xcassets */,
				E83EBBC7264C662000D85B5D /* LaunchScreen.storyboard */,
				E83EBBCA264C662000D85B5D /* Info.plist */,
				E83EBBC2264C661F00D85B5D /* ColeccionDeJuegosCancino.xcdatamodeld */,
			);
			path = ColeccionDeJuegosCancino;
			sourceTree = "<group>";
		};
/* End PBXGroup section */

/* Begin PBXNativeTarget section */
		E83EBBB5264C661F00D85B5D /* ColeccionDeJuegosCancino */ = {
			isa = PBXNativeTarget;
			buildConfigurationList = E83EBBCD264C662000D85B5D /* Build configuration list for PBXNativeTarget "ColeccionDeJuegosCancino" */;
			buildPhases = (
				E83EBBB2264C661F00D85B5D /* Sources */,
				E83EBBB3264C661F00D85B5D /* Frameworks */,
				E83EBBB4264C661F00D85B5D /* Resources */,
			);
			buildRules = (
			);
			dependencies = (
			);
			name = ColeccionDeJuegosCancino;
			productName = ColeccionDeJuegosCancino;
			productReference = E83EBBB6264C661F00D85B5D /* ColeccionDeJuegosCancino.app */;
			productType = "com.apple.product-type.application";
		};
/* End PBXNativeTarget section */

/* Begin PBXProject section */
		E83EBBAE264C661F00D85B5D /* Project object */ = {
			isa = PBXProject;
			attributes = {
				LastSwiftUpdateCheck = 1130;
				LastUpgradeCheck = 1130;
				ORGANIZATIONNAME = "Mac 09";
				TargetAttributes = {
					E83EBBB5264C661F00D85B5D = {
						CreatedOnToolsVersion = 11.3;
					};
				};
			};
			buildConfigurationList = E83EBBB1264C661F00D85B5D /* Build configuration list for PBXProject "ColeccionDeJuegosCancino" */;
			compatibilityVersion = "Xcode 9.3";
			developmentRegion = en;
			hasScannedForEncodings = 0;
			knownRegions = (
				en,
				Base,
			);
			mainGroup = E83EBBAD264C661F00D85B5D;
			productRefGroup = E83EBBB7264C661F00D85B5D /* Products */;
			projectDirPath = "";
			projectRoot = "";
			targets = (
				E83EBBB5264C661F00D85B5D /* ColeccionDeJuegosCancino */,
			);
		};
/* End PBXProject section */

/* Begin PBXResourcesBuildPhase section */
		E83EBBB4264C661F00D85B5D /* Resources */ = {
			isa = PBXResourcesBuildPhase;
			buildActionMask = 2147483647;
			files = (
				E83EBBC9264C662000D85B5D /* LaunchScreen.storyboard in Resources */,
				E83EBBC6264C662000D85B5D /* Assets.xcassets in Resources */,
				E83EBBC1264C661F00D85B5D /* Main.storyboard in Resources */,
			);
			runOnlyForDeploymentPostprocessing = 0;
		};
/* End PBXResourcesBuildPhase section */

/* Begin PBXSourcesBuildPhase section */
		E83EBBB2264C661F00D85B5D /* Sources */ = {
			isa = PBXSourcesBuildPhase;
			buildActionMask = 2147483647;
			files = (
				E83EBBBE264C661F00D85B5D /* ViewController.swift in Sources */,
				E83EBBC4264C661F00D85B5D /* ColeccionDeJuegosCancino.xcdatamodeld in Sources */,
				E83EBBBA264C661F00D85B5D /* AppDelegate.swift in Sources */,
				E83EBBBC264C661F00D85B5D /* SceneDelegate.swift in Sources */,
			);
			runOnlyForDeploymentPostprocessing = 0;
		};
/* End PBXSourcesBuildPhase section */

/* Begin PBXVariantGroup section */
		E83EBBBF264C661F00D85B5D /* Main.storyboard */ = {
			isa = PBXVariantGroup;
			children = (
				E83EBBC0264C661F00D85B5D /* Base */,
			);
			name = Main.storyboard;
			sourceTree = "<group>";
		};
		E83EBBC7264C662000D85B5D /* LaunchScreen.storyboard */ = {
			isa = PBXVariantGroup;
			children = (
				E83EBBC8264C662000D85B5D /* Base */,
			);
			name = LaunchScreen.storyboard;
			sourceTree = "<group>";
		};
/* End PBXVariantGroup section */

/* Begin XCBuildConfiguration section */
		E83EBBCB264C662000D85B5D /* Debug */ = {
			isa = XCBuildConfiguration;
			buildSettings = {
				ALWAYS_SEARCH_USER_PATHS = NO;
				CLANG_ANALYZER_NONNULL = YES;
				CLANG_ANALYZER_NUMBER_OBJECT_CONVERSION = YES_AGGRESSIVE;
				CLANG_CXX_LANGUAGE_STANDARD = "gnu++14";
				CLANG_CXX_LIBRARY = "libc++";
				CLANG_ENABLE_MODULES = YES;
				CLANG_ENABLE_OBJC_ARC = YES;
				CLANG_ENABLE_OBJC_WEAK = YES;
				CLANG_WARN_BLOCK_CAPTURE_AUTORELEASING = YES;
				CLANG_WARN_BOOL_CONVERSION = YES;
				CLANG_WARN_COMMA = YES;
				CLANG_WARN_CONSTANT_CONVERSION = YES;
				CLANG_WARN_DEPRECATED_OBJC_IMPLEMENTATIONS = YES;
				CLANG_WARN_DIRECT_OBJC_ISA_USAGE = YES_ERROR;
				CLANG_WARN_DOCUMENTATION_COMMENTS = YES;
				CLANG_WARN_EMPTY_BODY = YES;
				CLANG_WARN_ENUM_CONVERSION = YES;
				CLANG_WARN_INFINITE_RECURSION = YES;
				CLANG_WARN_INT_CONVERSION = YES;
				CLANG_WARN_NON_LITERAL_NULL_CONVERSION = YES;
				CLANG_WARN_OBJC_IMPLICIT_RETAIN_SELF = YES;
				CLANG_WARN_OBJC_LITERAL_CONVERSION = YES;
				CLANG_WARN_OBJC_ROOT_CLASS = YES_ERROR;
				CLANG_WARN_RANGE_LOOP_ANALYSIS = YES;
				CLANG_WARN_STRICT_PROTOTYPES = YES;
				CLANG_WARN_SUSPICIOUS_MOVE = YES;
				CLANG_WARN_UNGUARDED_AVAILABILITY = YES_AGGRESSIVE;
				CLANG_WARN_UNREACHABLE_CODE = YES;
				CLANG_WARN__DUPLICATE_METHOD_MATCH = YES;
				COPY_PHASE_STRIP = NO;
				DEBUG_INFORMATION_FORMAT = dwarf;
				ENABLE_STRICT_OBJC_MSGSEND = YES;
				ENABLE_TESTABILITY = YES;
				GCC_C_LANGUAGE_STANDARD = gnu11;
				GCC_DYNAMIC_NO_PIC = NO;
				GCC_NO_COMMON_BLOCKS = YES;
				GCC_OPTIMIZATION_LEVEL = 0;
				GCC_PREPROCESSOR_DEFINITIONS = (
					"DEBUG=1",
					"$(inherited)",
				);
				GCC_WARN_64_TO_32_BIT_CONVERSION = YES;
				GCC_WARN_ABOUT_RETURN_TYPE = YES_ERROR;
				GCC_WARN_UNDECLARED_SELECTOR = YES;
				GCC_WARN_UNINITIALIZED_AUTOS = YES_AGGRESSIVE;
				GCC_WARN_UNUSED_FUNCTION = YES;
				GCC_WARN_UNUSED_VARIABLE = YES;
				IPHONEOS_DEPLOYMENT_TARGET = 13.2;
				MTL_ENABLE_DEBUG_INFO = INCLUDE_SOURCE;
				MTL_FAST_MATH = YES;
				ONLY_ACTIVE_ARCH = YES;
				SDKROOT = iphoneos;
				SWIFT_ACTIVE_COMPILATION_CONDITIONS = DEBUG;
				SWIFT_OPTIMIZATION_LEVEL = "-Onone";
			};
			name = Debug;
		};
		E83EBBCC264C662000D85B5D /* Release */ = {
			isa = XCBuildConfiguration;
			buildSettings = {
				ALWAYS_SEARCH_USER_PATHS = NO;
				CLANG_ANALYZER_NONNULL = YES;
				CLANG_ANALYZER_NUMBER_OBJECT_CONVERSION = YES_AGGRESSIVE;
				CLANG_CXX_LANGUAGE_STANDARD = "gnu++14";
				CLANG_CXX_LIBRARY = "libc++";
				CLANG_ENABLE_MODULES = YES;
				CLANG_ENABLE_OBJC_ARC = YES;
				CLANG_ENABLE_OBJC_WEAK = YES;
				CLANG_WARN_BLOCK_CAPTURE_AUTORELEASING = YES;
				CLANG_WARN_BOOL_CONVERSION = YES;
				CLANG_WARN_COMMA = YES;
				CLANG_WARN_CONSTANT_CONVERSION = YES;
				CLANG_WARN_DEPRECATED_OBJC_IMPLEMENTATIONS = YES;
				CLANG_WARN_DIRECT_OBJC_ISA_USAGE = YES_ERROR;
				CLANG_WARN_DOCUMENTATION_COMMENTS = YES;
				CLANG_WARN_EMPTY_BODY = YES;
				CLANG_WARN_ENUM_CONVERSION = YES;
				CLANG_WARN_INFINITE_RECURSION = YES;
				CLANG_WARN_INT_CONVERSION = YES;
				CLANG_WARN_NON_LITERAL_NULL_CONVERSION = YES;
				CLANG_WARN_OBJC_IMPLICIT_RETAIN_SELF = YES;
				CLANG_WARN_OBJC_LITERAL_CONVERSION = YES;
				CLANG_WARN_OBJC_ROOT_CLASS = YES_ERROR;
				CLANG_WARN_RANGE_LOOP_ANALYSIS = YES;
				CLANG_WARN_STRICT_PROTOTYPES = YES;
				CLANG_WARN_SUSPICIOUS_MOVE = YES;
				CLANG_WARN_UNGUARDED_AVAILABILITY = YES_AGGRESSIVE;
				CLANG_WARN_UNREACHABLE_CODE = YES;
				CLANG_WARN__DUPLICATE_METHOD_MATCH = YES;
				COPY_PHASE_STRIP = NO;
				DEBUG_INFORMATION_FORMAT = "dwarf-with-dsym";
				ENABLE_NS_ASSERTIONS = NO;
				ENABLE_STRICT_OBJC_MSGSEND = YES;
				GCC_C_LANGUAGE_STANDARD = gnu11;
				GCC_NO_COMMON_BLOCKS = YES;
				GCC_WARN_64_TO_32_BIT_CONVERSION = YES;
				GCC_WARN_ABOUT_RETURN_TYPE = YES_ERROR;
				GCC_WARN_UNDECLARED_SELECTOR = YES;
				GCC_WARN_UNINITIALIZED_AUTOS = YES_AGGRESSIVE;
				GCC_WARN_UNUSED_FUNCTION = YES;
				GCC_WARN_UNUSED_VARIABLE = YES;
				IPHONEOS_DEPLOYMENT_TARGET = 13.2;
				MTL_ENABLE_DEBUG_INFO = NO;
				MTL_FAST_MATH = YES;
				SDKROOT = iphoneos;
				SWIFT_COMPILATION_MODE = wholemodule;
				SWIFT_OPTIMIZATION_LEVEL = "-O";
				VALIDATE_PRODUCT = YES;
			};
			name = Release;
		};
		E83EBBCE264C662000D85B5D /* Debug */ = {
			isa = XCBuildConfiguration;
			buildSettings = {
				ASSETCATALOG_COMPILER_APPICON_NAME = AppIcon;
				CODE_SIGN_STYLE = Automatic;
				INFOPLIST_FILE = ColeccionDeJuegosCancino/Info.plist;
				LD_RUNPATH_SEARCH_PATHS = (
					"$(inherited)",
					"@executable_path/Frameworks",
				);
				PRODUCT_BUNDLE_IDENTIFIER = Mac09.com.ColeccionDeJuegosCancino;
				PRODUCT_NAME = "$(TARGET_NAME)";
				SWIFT_VERSION = 5.0;
				TARGETED_DEVICE_FAMILY = "1,2";
			};
			name = Debug;
		};
		E83EBBCF264C662000D85B5D /* Release */ = {
			isa = XCBuildConfiguration;
			buildSettings = {
				ASSETCATALOG_COMPILER_APPICON_NAME = AppIcon;
				CODE_SIGN_STYLE = Automatic;
				INFOPLIST_FILE = ColeccionDeJuegosCancino/Info.plist;
				LD_RUNPATH_SEARCH_PATHS = (
					"$(inherited)",
					"@executable_path/Frameworks",
				);
				PRODUCT_BUNDLE_IDENTIFIER = Mac09.com.ColeccionDeJuegosCancino;
				PRODUCT_NAME = "$(TARGET_NAME)";
				SWIFT_VERSION = 5.0;
				TARGETED_DEVICE_FAMILY = "1,2";
			};
			name = Release;
		};
/* End XCBuildConfiguration section */

/* Begin XCConfigurationList section */
		E83EBBB1264C661F00D85B5D /* Build configuration list for PBXProject "ColeccionDeJuegosCancino" */ = {
			isa = XCConfigurationList;
			buildConfigurations = (
				E83EBBCB264C662000D85B5D /* Debug */,
				E83EBBCC264C662000D85B5D /* Release */,
			);
			defaultConfigurationIsVisible = 0;
			defaultConfigurationName = Release;
		};
		E83EBBCD264C662000D85B5D /* Build configuration list for PBXNativeTarget "ColeccionDeJuegosCancino" */ = {
			isa = XCConfigurationList;
			buildConfigurations = (
				E83EBBCE264C662000D85B5D /* Debug */,
				E83EBBCF264C662000D85B5D /* Release */,
			);
			defaultConfigurationIsVisible = 0;
			defaultConfigurationName = Release;
		};
/* End XCConfigurationList section */

/* Begin XCVersionGroup section */
		E83EBBC2264C661F00D85B5D /* ColeccionDeJuegosCancino.xcdatamodeld */ = {
			isa = XCVersionGroup;
			children = (
				E83EBBC3264C661F00D85B5D /* ColeccionDeJuegosCancino.xcdatamodel */,
			);
			currentVersion = E83EBBC3264C661F00D85B5D /* ColeccionDeJuegosCancino.xcdatamodel */;
			path = ColeccionDeJuegosCancino.xcdatamodeld;
			sourceTree = "<group>";
			versionGroupType = wrapper.xcdatamodel;
		};
/* End XCVersionGroup section */
	};
	rootObject = E83EBBAE264C661F00D85B5D /* Project object */;
}
